
Microsoft Visual Studio Solution File, Format Version 12.00
# Visual Studio Version 17
VisualStudioVersion = 17.4.33213.308
MinimumVisualStudioVersion = 10.0.40219.1
Project("{FAE04EC0-301F-11D3-BF4B-00C04F79EFBC}") = "pract1", "pract1\pract1.csproj", "{BA303258-0260-4DFE-85EC-1171F13D5C20}"
EndProject
Global
	GlobalSection(SolutionConfigurationPlatforms) = preSolution
		Debug|Any CPU = Debug|Any CPU
		Release|Any CPU = Release|Any CPU
	EndGlobalSection
	GlobalSection(ProjectConfigurationPlatforms) = postSolution
		{BA303258-0260-4DFE-85EC-1171F13D5C20}.Debug|Any CPU.ActiveCfg = Debug|Any CPU
		{BA303258-0260-4DFE-85EC-1171F13D5C20}.Debug|Any CPU.Build.0 = Debug|Any CPU
		{BA303258-0260-4DFE-85EC-1171F13D5C20}.Release|Any CPU.ActiveCfg = Release|Any CPU
		{BA303258-0260-4DFE-85EC-1171F13D5C20}.Release|Any CPU.Build.0 = Release|Any CPU
	EndGlobalSection
	GlobalSection(SolutionProperties) = preSolution
		HideSolutionNode = FALSE
	EndGlobalSection
	GlobalSection(ExtensibilityGlobals) = postSolution
		SolutionGuid = {E9B7C9B2-D2F5-40EF-AB04-10BBA93E5A34}
	EndGlobalSection
EndGlobal
